// !$*UTF8*$!
{
	archiveVersion = 1;
	classes = {
	};
	objectVersion = 46;
	objects = {

/* Begin PBXBuildFile section */
		A450F0491D47E21300F015F0 /* Sandwich.cpp in Sources */ = {isa = PBXBuildFile; fileRef = A450F0471D47E21300F015F0 /* Sandwich.cpp */; };
		A4B3CDC71D47C225009F7ED0 /* main.cpp in Sources */ = {isa = PBXBuildFile; fileRef = A4B3CDC61D47C225009F7ED0 /* main.cpp */; };
/* End PBXBuildFile section */

/* Begin PBXCopyFilesBuildPhase section */
		A4B3CDC11D47C225009F7ED0 /* CopyFiles */ = {
			isa = PBXCopyFilesBuildPhase;
			buildActionMask = 2147483647;
			dstPath = /usr/share/man/man1/;
			dstSubfolderSpec = 0;
			files = (
			);
			runOnlyForDeploymentPostprocessing = 1;
		};
/* End PBXCopyFilesBuildPhase section */

/* Begin PBXFileReference section */
		A450F0471D47E21300F015F0 /* Sandwich.cpp */ = {isa = PBXFileReference; fileEncoding = 4; lastKnownFileType = sourcecode.cpp.cpp; path = Sandwich.cpp; sourceTree = "<group>"; };
		A450F0481D47E21300F015F0 /* Sandwich.h */ = {isa = PBXFileReference; fileEncoding = 4; lastKnownFileType = sourcecode.c.h; path = Sandwich.h; sourceTree = "<group>"; };
		A4B3CDC31D47C225009F7ED0 /* TeacherProject */ = {isa = PBXFileReference; explicitFileType = "compiled.mach-o.executable"; includeInIndex = 0; path = TeacherProject; sourceTree = BUILT_PRODUCTS_DIR; };
		A4B3CDC61D47C225009F7ED0 /* main.cpp */ = {isa = PBXFileReference; lastKnownFileType = sourcecode.cpp.cpp; path = main.cpp; sourceTree = "<group>"; };
/* End PBXFileReference section */

/* Begin PBXFrameworksBuildPhase section */
		A4B3CDC01D47C225009F7ED0 /* Frameworks */ = {
			isa = PBXFrameworksBuildPhase;
			buildActionMask = 2147483647;
			files = (
			);
			runOnlyForDeploymentPostprocessing = 0;
		};
/* End PBXFrameworksBuildPhase section */

/* Begin PBXGroup section */
		A4B3CDBA1D47C225009F7ED0 = {
			isa = PBXGroup;
			children = (
				A4B3CDC51D47C225009F7ED0 /* TeacherProject */,
				A4B3CDC41D47C225009F7ED0 /* Products */,
			);
			sourceTree = "<group>";
		};
		A4B3CDC41D47C225009F7ED0 /* Products */ = {
			isa = PBXGroup;
			children = (
				A4B3CDC31D47C225009F7ED0 /* TeacherProject */,
			);
			name = Products;
			sourceTree = "<group>";
		};
		A4B3CDC51D47C225009F7ED0 /* TeacherProject */ = {
			isa = PBXGroup;
			children = (
				A4B3CDC61D47C225009F7ED0 /* main.cpp */,
				A450F0471D47E21300F015F0 /* Sandwich.cpp */,
				A450F0481D47E21300F015F0 /* Sandwich.h */,
			);
			path = TeacherProject;
			sourceTree = "<group>";
		};
/* End PBXGroup section */

/* Begin PBXNativeTarget section */
		A4B3CDC21D47C225009F7ED0 /* TeacherProject */ = {
			isa = PBXNativeTarget;
			buildConfigurationList = A4B3CDCA1D47C225009F7ED0 /* Build configuration list for PBXNativeTarget "TeacherProject" */;
			buildPhases = (
				A4B3CDBF1D47C225009F7ED0 /* Sources */,
				A4B3CDC01D47C225009F7ED0 /* Frameworks */,
				A4B3CDC11D47C225009F7ED0 /* CopyFiles */,
			);
			buildRules = (
			);
			dependencies = (
			);
			name = TeacherProject;
			productName = TeacherProject;
			productReference = A4B3CDC31D47C225009F7ED0 /* TeacherProject */;
			productType = "com.apple.product-type.tool";
		};
/* End PBXNativeTarget section */

/* Begin PBXProject section */
		A4B3CDBB1D47C225009F7ED0 /* Project object */ = {
			isa = PBXProject;
			attributes = {
				LastUpgradeCheck = 0720;
				ORGANIZATIONNAME = CTEC;
				TargetAttributes = {
					A4B3CDC21D47C225009F7ED0 = {
						CreatedOnToolsVersion = 7.2;
					};
				};
			};
			buildConfigurationList = A4B3CDBE1D47C225009F7ED0 /* Build configuration list for PBXProject "TeacherProject" */;
			compatibilityVersion = "Xcode 3.2";
			developmentRegion = English;
			hasScannedForEncodings = 0;
			knownRegions = (
				en,
			);
			mainGroup = A4B3CDBA1D47C225009F7ED0;
			productRefGroup = A4B3CDC41D47C225009F7ED0 /* Products */;
			projectDirPath = "";
			projectRoot = "";
			targets = (
				A4B3CDC21D47C225009F7ED0 /* TeacherProject */,
			);
		};
/* End PBXProject section */

/* Begin PBXSourcesBuildPhase section */
		A4B3CDBF1D47C225009F7ED0 /* Sources */ = {
			isa = PBXSourcesBuildPhase;
			buildActionMask = 2147483647;
			files = (
				A450F0491D47E21300F015F0 /* Sandwich.cpp in Sources */,
				A4B3CDC71D47C225009F7ED0 /* main.cpp in Sources */,
			);
			runOnlyForDeploymentPostprocessing = 0;
		};
/* End PBXSourcesBuildPhase section */

/* Begin XCBuildConfiguration section */
		A4B3CDC81D47C225009F7ED0 /* Debug */ = {
			isa = XCBuildConfiguration;
			buildSettings = {
				ALWAYS_SEARCH_USER_PATHS = NO;
				CLANG_CXX_LANGUAGE_STANDARD = "gnu++0x";
				CLANG_CXX_LIBRARY = "libc++";
				CLANG_ENABLE_MODULES = YES;
				CLANG_ENABLE_OBJC_ARC = YES;
				CLANG_WARN_BOOL_CONVERSION = YES;
				CLANG_WARN_CONSTANT_CONVERSION = YES;
				CLANG_WARN_DIRECT_OBJC_ISA_USAGE = YES_ERROR;
				CLANG_WARN_EMPTY_BODY = YES;
				CLANG_WARN_ENUM_CONVERSION = YES;
				CLANG_WARN_INT_CONVERSION = YES;
				CLANG_WARN_OBJC_ROOT_CLASS = YES_ERROR;
				CLANG_WARN_UNREACHABLE_CODE = YES;
				CLANG_WARN__DUPLICATE_METHOD_MATCH = YES;
				CODE_SIGN_IDENTITY = "-";
				COPY_PHASE_STRIP = NO;
				DEBUG_INFORMATION_FORMAT = dwarf;
				ENABLE_STRICT_OBJC_MSGSEND = YES;
				ENABLE_TESTABILITY = YES;
				GCC_C_LANGUAGE_STANDARD = gnu99;
				GCC_DYNAMIC_NO_PIC = NO;
				GCC_NO_COMMON_BLOCKS = YES;
				GCC_OPTIMIZATION_LEVEL = 0;
				GCC_PREPROCESSOR_DEFINITIONS = (
					"DEBUG=1",
					"$(inherited)",
				);
				GCC_WARN_64_TO_32_BIT_CONVERSION = YES;
				GCC_WARN_ABOUT_RETURN_TYPE = YES_ERROR;
				GCC_WARN_UNDECLARED_SELECTOR = YES;
				GCC_WARN_UNINITIALIZED_AUTOS = YES_AGGRESSIVE;
				GCC_WARN_UNUSED_FUNCTION = YES;
				GCC_WARN_UNUSED_VARIABLE = YES;
				MACOSX_DEPLOYMENT_TARGET = 10.10;
				MTL_ENABLE_DEBUG_INFO = YES;
				ONLY_ACTIVE_ARCH = YES;
				SDKROOT = macosx;
			};
			name = Debug;
		};
		A4B3CDC91D47C225009F7ED0 /* Release */ = {
			isa = XCBuildConfiguration;
			buildSettings = {
				ALWAYS_SEARCH_USER_PATHS = NO;
				CLANG_CXX_LANGUAGE_STANDARD = "gnu++0x";
				CLANG_CXX_LIBRARY = "libc++";
				CLANG_ENABLE_MODULES = YES;
				CLANG_ENABLE_OBJC_ARC = YES;
				CLANG_WARN_BOOL_CONVERSION = YES;
				CLANG_WARN_CONSTANT_CONVERSION = YES;
				CLANG_WARN_DIRECT_OBJC_ISA_USAGE = YES_ERROR;
				CLANG_WARN_EMPTY_BODY = YES;
				CLANG_WARN_ENUM_CONVERSION = YES;
				CLANG_WARN_INT_CONVERSION = YES;
				CLANG_WARN_OBJC_ROOT_CLASS = YES_ERROR;
				CLANG_WARN_UNREACHABLE_CODE = YES;
				CLANG_WARN__DUPLICATE_METHOD_MATCH = YES;
				CODE_SIGN_IDENTITY = "-";
				COPY_PHASE_STRIP = NO;
				DEBUG_INFORMATION_FORMAT = "dwarf-with-dsym";
				ENABLE_NS_ASSERTIONS = NO;
				ENABLE_STRICT_OBJC_MSGSEND = YES;
				GCC_C_LANGUAGE_STANDARD = gnu99;
				GCC_NO_COMMON_BLOCKS = YES;
				GCC_WARN_64_TO_32_BIT_CONVERSION = YES;
				GCC_WARN_ABOUT_RETURN_TYPE = YES_ERROR;
				GCC_WARN_UNDECLARED_SELECTOR = YES;
				GCC_WARN_UNINITIALIZED_AUTOS = YES_AGGRESSIVE;
				GCC_WARN_UNUSED_FUNCTION = YES;
				GCC_WARN_UNUSED_VARIABLE = YES;
				MACOSX_DEPLOYMENT_TARGET = 10.10;
				MTL_ENABLE_DEBUG_INFO = NO;
				SDKROOT = macosx;
			};
			name = Release;
		};
		A4B3CDCB1D47C225009F7ED0 /* Debug */ = {
			isa = XCBuildConfiguration;
			buildSettings = {
				PRODUCT_NAME = "$(TARGET_NAME)";
			};
			name = Debug;
		};
		A4B3CDCC1D47C225009F7ED0 /* Release */ = {
			isa = XCBuildConfiguration;
			buildSettings = {
				PRODUCT_NAME = "$(TARGET_NAME)";
			};
			name = Release;
		};
/* End XCBuildConfiguration section */

/* Begin XCConfigurationList section */
		A4B3CDBE1D47C225009F7ED0 /* Build configuration list for PBXProject "TeacherProject" */ = {
			isa = XCConfigurationList;
			buildConfigurations = (
				A4B3CDC81D47C225009F7ED0 /* Debug */,
				A4B3CDC91D47C225009F7ED0 /* Release */,
			);
			defaultConfigurationIsVisible = 0;
			defaultConfigurationName = Release;
		};
		A4B3CDCA1D47C225009F7ED0 /* Build configuration list for PBXNativeTarget "TeacherProject" */ = {
			isa = XCConfigurationList;
			buildConfigurations = (
				A4B3CDCB1D47C225009F7ED0 /* Debug */,
				A4B3CDCC1D47C225009F7ED0 /* Release */,
			);
			defaultConfigurationIsVisible = 0;
			defaultConfigurationName = Release;
		};
/* End XCConfigurationList section */
	};
	rootObject = A4B3CDBB1D47C225009F7ED0 /* Project object */;
}
